
Microsoft Visual Studio Solution File, Format Version 12.00
# Visual Studio 2013
Project("{FAE04EC0-301F-11D3-BF4B-00C04F79EFBC}") = "gitlab_SpaceTravel.CSharp.Plugins", "gitlab_SpaceTravel.CSharp.Plugins.csproj", "{6056F93A-8B4D-1FAB-CB8E-DB5F70BC305E}"
EndProject
Project("{FAE04EC0-301F-11D3-BF4B-00C04F79EFBC}") = "gitlab_SpaceTravel.CSharp", "gitlab_SpaceTravel.CSharp.csproj", "{69DF2EFA-4B7D-8DC4-B71C-5772D0532D0E}"
EndProject
Project("{FAE04EC0-301F-11D3-BF4B-00C04F79EFBC}") = "gitlab_SpaceTravel.CSharp.Editor", "gitlab_SpaceTravel.CSharp.Editor.csproj", "{594E1294-FF7E-F2F0-9691-2848762B4556}"
EndProject
Global
	GlobalSection(SolutionConfigurationPlatforms) = preSolution
		Debug|Any CPU = Debug|Any CPU
		Release|Any CPU = Release|Any CPU
	EndGlobalSection
	GlobalSection(ProjectConfigurationPlatforms) = postSolution
		{6056F93A-8B4D-1FAB-CB8E-DB5F70BC305E}.Debug|Any CPU.ActiveCfg = Debug|Any CPU
		{6056F93A-8B4D-1FAB-CB8E-DB5F70BC305E}.Debug|Any CPU.Build.0 = Debug|Any CPU
		{6056F93A-8B4D-1FAB-CB8E-DB5F70BC305E}.Release|Any CPU.ActiveCfg = Release|Any CPU
		{6056F93A-8B4D-1FAB-CB8E-DB5F70BC305E}.Release|Any CPU.Build.0 = Release|Any CPU
		{69DF2EFA-4B7D-8DC4-B71C-5772D0532D0E}.Debug|Any CPU.ActiveCfg = Debug|Any CPU
		{69DF2EFA-4B7D-8DC4-B71C-5772D0532D0E}.Debug|Any CPU.Build.0 = Debug|Any CPU
		{69DF2EFA-4B7D-8DC4-B71C-5772D0532D0E}.Release|Any CPU.ActiveCfg = Release|Any CPU
		{69DF2EFA-4B7D-8DC4-B71C-5772D0532D0E}.Release|Any CPU.Build.0 = Release|Any CPU
		{594E1294-FF7E-F2F0-9691-2848762B4556}.Debug|Any CPU.ActiveCfg = Debug|Any CPU
		{594E1294-FF7E-F2F0-9691-2848762B4556}.Debug|Any CPU.Build.0 = Debug|Any CPU
		{594E1294-FF7E-F2F0-9691-2848762B4556}.Release|Any CPU.ActiveCfg = Release|Any CPU
		{594E1294-FF7E-F2F0-9691-2848762B4556}.Release|Any CPU.Build.0 = Release|Any CPU
	EndGlobalSection
	GlobalSection(SolutionProperties) = preSolution
		HideSolutionNode = FALSE
	EndGlobalSection
EndGlobal
