
Microsoft Visual Studio Solution File, Format Version 12.00
# Visual Studio 2013
Project("{FAE04EC0-301F-11D3-BF4B-00C04F79EFBC}") = "SpaceTravel.CSharp", "SpaceTravel.CSharp.csproj", "{155A1451-B60D-B0B7-8C3D-45BBBF750394}"
EndProject
Global
	GlobalSection(SolutionConfigurationPlatforms) = preSolution
		Debug|Any CPU = Debug|Any CPU
		Release|Any CPU = Release|Any CPU
	EndGlobalSection
	GlobalSection(ProjectConfigurationPlatforms) = postSolution
		{155A1451-B60D-B0B7-8C3D-45BBBF750394}.Debug|Any CPU.ActiveCfg = Debug|Any CPU
		{155A1451-B60D-B0B7-8C3D-45BBBF750394}.Debug|Any CPU.Build.0 = Debug|Any CPU
		{155A1451-B60D-B0B7-8C3D-45BBBF750394}.Release|Any CPU.ActiveCfg = Release|Any CPU
		{155A1451-B60D-B0B7-8C3D-45BBBF750394}.Release|Any CPU.Build.0 = Release|Any CPU
	EndGlobalSection
	GlobalSection(SolutionProperties) = preSolution
		HideSolutionNode = FALSE
	EndGlobalSection
EndGlobal
